// !$*UTF8*$!
{
	archiveVersion = 1;
	classes = {
	};
	objectVersion = 50;
	objects = {

/* Begin PBXBuildFile section */
		F3D205F826A87B3B006541F0 /* sms_input_swiftuiApp.swift in Sources */ = {isa = PBXBuildFile; fileRef = F3D205F726A87B3B006541F0 /* sms_input_swiftuiApp.swift */; };
		F3D205FA26A87B3B006541F0 /* ContentView.swift in Sources */ = {isa = PBXBuildFile; fileRef = F3D205F926A87B3B006541F0 /* ContentView.swift */; };
		F3D205FC26A87B3C006541F0 /* Assets.xcassets in Resources */ = {isa = PBXBuildFile; fileRef = F3D205FB26A87B3C006541F0 /* Assets.xcassets */; };
		F3D205FF26A87B3C006541F0 /* Preview Assets.xcassets in Resources */ = {isa = PBXBuildFile; fileRef = F3D205FE26A87B3C006541F0 /* Preview Assets.xcassets */; };
		F3D2060726A87B7C006541F0 /* MultiLineTextView.swift in Sources */ = {isa = PBXBuildFile; fileRef = F3D2060626A87B7C006541F0 /* MultiLineTextView.swift */; };
		F3D2060926A87BC1006541F0 /* TextViewWrapper.swift in Sources */ = {isa = PBXBuildFile; fileRef = F3D2060826A87BC1006541F0 /* TextViewWrapper.swift */; };
		F3D2060B26A87BCC006541F0 /* Coordinator.swift in Sources */ = {isa = PBXBuildFile; fileRef = F3D2060A26A87BCC006541F0 /* Coordinator.swift */; };
/* End PBXBuildFile section */

/* Begin PBXFileReference section */
		F3D205F426A87B3B006541F0 /* sms-input-swiftui.app */ = {isa = PBXFileReference; explicitFileType = wrapper.application; includeInIndex = 0; path = "sms-input-swiftui.app"; sourceTree = BUILT_PRODUCTS_DIR; };
		F3D205F726A87B3B006541F0 /* sms_input_swiftuiApp.swift */ = {isa = PBXFileReference; lastKnownFileType = sourcecode.swift; path = sms_input_swiftuiApp.swift; sourceTree = "<group>"; };
		F3D205F926A87B3B006541F0 /* ContentView.swift */ = {isa = PBXFileReference; lastKnownFileType = sourcecode.swift; path = ContentView.swift; sourceTree = "<group>"; };
		F3D205FB26A87B3C006541F0 /* Assets.xcassets */ = {isa = PBXFileReference; lastKnownFileType = folder.assetcatalog; path = Assets.xcassets; sourceTree = "<group>"; };
		F3D205FE26A87B3C006541F0 /* Preview Assets.xcassets */ = {isa = PBXFileReference; lastKnownFileType = folder.assetcatalog; path = "Preview Assets.xcassets"; sourceTree = "<group>"; };
		F3D2060026A87B3C006541F0 /* Info.plist */ = {isa = PBXFileReference; lastKnownFileType = text.plist.xml; path = Info.plist; sourceTree = "<group>"; };
		F3D2060626A87B7C006541F0 /* MultiLineTextView.swift */ = {isa = PBXFileReference; lastKnownFileType = sourcecode.swift; path = MultiLineTextView.swift; sourceTree = "<group>"; };
		F3D2060826A87BC1006541F0 /* TextViewWrapper.swift */ = {isa = PBXFileReference; lastKnownFileType = sourcecode.swift; path = TextViewWrapper.swift; sourceTree = "<group>"; };
		F3D2060A26A87BCC006541F0 /* Coordinator.swift */ = {isa = PBXFileReference; lastKnownFileType = sourcecode.swift; path = Coordinator.swift; sourceTree = "<group>"; };
/* End PBXFileReference section */

/* Begin PBXFrameworksBuildPhase section */
		F3D205F126A87B3B006541F0 /* Frameworks */ = {
			isa = PBXFrameworksBuildPhase;
			buildActionMask = 2147483647;
			files = (
			);
			runOnlyForDeploymentPostprocessing = 0;
		};
/* End PBXFrameworksBuildPhase section */

/* Begin PBXGroup section */
		F3D205EB26A87B3B006541F0 = {
			isa = PBXGroup;
			children = (
				F3D205F626A87B3B006541F0 /* sms-input-swiftui */,
				F3D205F526A87B3B006541F0 /* Products */,
			);
			sourceTree = "<group>";
		};
		F3D205F526A87B3B006541F0 /* Products */ = {
			isa = PBXGroup;
			children = (
				F3D205F426A87B3B006541F0 /* sms-input-swiftui.app */,
			);
			name = Products;
			sourceTree = "<group>";
		};
		F3D205F626A87B3B006541F0 /* sms-input-swiftui */ = {
			isa = PBXGroup;
			children = (
				F3D205F726A87B3B006541F0 /* sms_input_swiftuiApp.swift */,
				F3D205F926A87B3B006541F0 /* ContentView.swift */,
				F3D2060626A87B7C006541F0 /* MultiLineTextView.swift */,
				F3D2060826A87BC1006541F0 /* TextViewWrapper.swift */,
				F3D2060A26A87BCC006541F0 /* Coordinator.swift */,
				F3D205FB26A87B3C006541F0 /* Assets.xcassets */,
				F3D2060026A87B3C006541F0 /* Info.plist */,
				F3D205FD26A87B3C006541F0 /* Preview Content */,
			);
			path = "sms-input-swiftui";
			sourceTree = "<group>";
		};
		F3D205FD26A87B3C006541F0 /* Preview Content */ = {
			isa = PBXGroup;
			children = (
				F3D205FE26A87B3C006541F0 /* Preview Assets.xcassets */,
			);
			path = "Preview Content";
			sourceTree = "<group>";
		};
/* End PBXGroup section */

/* Begin PBXNativeTarget section */
		F3D205F326A87B3B006541F0 /* sms-input-swiftui */ = {
			isa = PBXNativeTarget;
			buildConfigurationList = F3D2060326A87B3C006541F0 /* Build configuration list for PBXNativeTarget "sms-input-swiftui" */;
			buildPhases = (
				F3D205F026A87B3B006541F0 /* Sources */,
				F3D205F126A87B3B006541F0 /* Frameworks */,
				F3D205F226A87B3B006541F0 /* Resources */,
			);
			buildRules = (
			);
			dependencies = (
			);
			name = "sms-input-swiftui";
			productName = "sms-input-swiftui";
			productReference = F3D205F426A87B3B006541F0 /* sms-input-swiftui.app */;
			productType = "com.apple.product-type.application";
		};
/* End PBXNativeTarget section */

/* Begin PBXProject section */
		F3D205EC26A87B3B006541F0 /* Project object */ = {
			isa = PBXProject;
			attributes = {
				LastSwiftUpdateCheck = 1250;
				LastUpgradeCheck = 1250;
				TargetAttributes = {
					F3D205F326A87B3B006541F0 = {
						CreatedOnToolsVersion = 12.5.1;
					};
				};
			};
			buildConfigurationList = F3D205EF26A87B3B006541F0 /* Build configuration list for PBXProject "sms-input-swiftui" */;
			compatibilityVersion = "Xcode 9.3";
			developmentRegion = en;
			hasScannedForEncodings = 0;
			knownRegions = (
				en,
				Base,
			);
			mainGroup = F3D205EB26A87B3B006541F0;
			productRefGroup = F3D205F526A87B3B006541F0 /* Products */;
			projectDirPath = "";
			projectRoot = "";
			targets = (
				F3D205F326A87B3B006541F0 /* sms-input-swiftui */,
			);
		};
/* End PBXProject section */

/* Begin PBXResourcesBuildPhase section */
		F3D205F226A87B3B006541F0 /* Resources */ = {
			isa = PBXResourcesBuildPhase;
			buildActionMask = 2147483647;
			files = (
				F3D205FF26A87B3C006541F0 /* Preview Assets.xcassets in Resources */,
				F3D205FC26A87B3C006541F0 /* Assets.xcassets in Resources */,
			);
			runOnlyForDeploymentPostprocessing = 0;
		};
/* End PBXResourcesBuildPhase section */

/* Begin PBXSourcesBuildPhase section */
		F3D205F026A87B3B006541F0 /* Sources */ = {
			isa = PBXSourcesBuildPhase;
			buildActionMask = 2147483647;
			files = (
				F3D205FA26A87B3B006541F0 /* ContentView.swift in Sources */,
				F3D2060926A87BC1006541F0 /* TextViewWrapper.swift in Sources */,
				F3D2060B26A87BCC006541F0 /* Coordinator.swift in Sources */,
				F3D2060726A87B7C006541F0 /* MultiLineTextView.swift in Sources */,
				F3D205F826A87B3B006541F0 /* sms_input_swiftuiApp.swift in Sources */,
			);
			runOnlyForDeploymentPostprocessing = 0;
		};
/* End PBXSourcesBuildPhase section */

/* Begin XCBuildConfiguration section */
		F3D2060126A87B3C006541F0 /* Debug */ = {
			isa = XCBuildConfiguration;
			buildSettings = {
				ALWAYS_SEARCH_USER_PATHS = NO;
				CLANG_ANALYZER_NONNULL = YES;
				CLANG_ANALYZER_NUMBER_OBJECT_CONVERSION = YES_AGGRESSIVE;
				CLANG_CXX_LANGUAGE_STANDARD = "gnu++14";
				CLANG_CXX_LIBRARY = "libc++";
				CLANG_ENABLE_MODULES = YES;
				CLANG_ENABLE_OBJC_ARC = YES;
				CLANG_ENABLE_OBJC_WEAK = YES;
				CLANG_WARN_BLOCK_CAPTURE_AUTORELEASING = YES;
				CLANG_WARN_BOOL_CONVERSION = YES;
				CLANG_WARN_COMMA = YES;
				CLANG_WARN_CONSTANT_CONVERSION = YES;
				CLANG_WARN_DEPRECATED_OBJC_IMPLEMENTATIONS = YES;
				CLANG_WARN_DIRECT_OBJC_ISA_USAGE = YES_ERROR;
				CLANG_WARN_DOCUMENTATION_COMMENTS = YES;
				CLANG_WARN_EMPTY_BODY = YES;
				CLANG_WARN_ENUM_CONVERSION = YES;
				CLANG_WARN_INFINITE_RECURSION = YES;
				CLANG_WARN_INT_CONVERSION = YES;
				CLANG_WARN_NON_LITERAL_NULL_CONVERSION = YES;
				CLANG_WARN_OBJC_IMPLICIT_RETAIN_SELF = YES;
				CLANG_WARN_OBJC_LITERAL_CONVERSION = YES;
				CLANG_WARN_OBJC_ROOT_CLASS = YES_ERROR;
				CLANG_WARN_QUOTED_INCLUDE_IN_FRAMEWORK_HEADER = YES;
				CLANG_WARN_RANGE_LOOP_ANALYSIS = YES;
				CLANG_WARN_STRICT_PROTOTYPES = YES;
				CLANG_WARN_SUSPICIOUS_MOVE = YES;
				CLANG_WARN_UNGUARDED_AVAILABILITY = YES_AGGRESSIVE;
				CLANG_WARN_UNREACHABLE_CODE = YES;
				CLANG_WARN__DUPLICATE_METHOD_MATCH = YES;
				COPY_PHASE_STRIP = NO;
				DEBUG_INFORMATION_FORMAT = dwarf;
				ENABLE_STRICT_OBJC_MSGSEND = YES;
				ENABLE_TESTABILITY = YES;
				GCC_C_LANGUAGE_STANDARD = gnu11;
				GCC_DYNAMIC_NO_PIC = NO;
				GCC_NO_COMMON_BLOCKS = YES;
				GCC_OPTIMIZATION_LEVEL = 0;
				GCC_PREPROCESSOR_DEFINITIONS = (
					"DEBUG=1",
					"$(inherited)",
				);
				GCC_WARN_64_TO_32_BIT_CONVERSION = YES;
				GCC_WARN_ABOUT_RETURN_TYPE = YES_ERROR;
				GCC_WARN_UNDECLARED_SELECTOR = YES;
				GCC_WARN_UNINITIALIZED_AUTOS = YES_AGGRESSIVE;
				GCC_WARN_UNUSED_FUNCTION = YES;
				GCC_WARN_UNUSED_VARIABLE = YES;
				IPHONEOS_DEPLOYMENT_TARGET = 14.5;
				MTL_ENABLE_DEBUG_INFO = INCLUDE_SOURCE;
				MTL_FAST_MATH = YES;
				ONLY_ACTIVE_ARCH = YES;
				SDKROOT = iphoneos;
				SWIFT_ACTIVE_COMPILATION_CONDITIONS = DEBUG;
				SWIFT_OPTIMIZATION_LEVEL = "-Onone";
			};
			name = Debug;
		};
		F3D2060226A87B3C006541F0 /* Release */ = {
			isa = XCBuildConfiguration;
			buildSettings = {
				ALWAYS_SEARCH_USER_PATHS = NO;
				CLANG_ANALYZER_NONNULL = YES;
				CLANG_ANALYZER_NUMBER_OBJECT_CONVERSION = YES_AGGRESSIVE;
				CLANG_CXX_LANGUAGE_STANDARD = "gnu++14";
				CLANG_CXX_LIBRARY = "libc++";
				CLANG_ENABLE_MODULES = YES;
				CLANG_ENABLE_OBJC_ARC = YES;
				CLANG_ENABLE_OBJC_WEAK = YES;
				CLANG_WARN_BLOCK_CAPTURE_AUTORELEASING = YES;
				CLANG_WARN_BOOL_CONVERSION = YES;
				CLANG_WARN_COMMA = YES;
				CLANG_WARN_CONSTANT_CONVERSION = YES;
				CLANG_WARN_DEPRECATED_OBJC_IMPLEMENTATIONS = YES;
				CLANG_WARN_DIRECT_OBJC_ISA_USAGE = YES_ERROR;
				CLANG_WARN_DOCUMENTATION_COMMENTS = YES;
				CLANG_WARN_EMPTY_BODY = YES;
				CLANG_WARN_ENUM_CONVERSION = YES;
				CLANG_WARN_INFINITE_RECURSION = YES;
				CLANG_WARN_INT_CONVERSION = YES;
				CLANG_WARN_NON_LITERAL_NULL_CONVERSION = YES;
				CLANG_WARN_OBJC_IMPLICIT_RETAIN_SELF = YES;
				CLANG_WARN_OBJC_LITERAL_CONVERSION = YES;
				CLANG_WARN_OBJC_ROOT_CLASS = YES_ERROR;
				CLANG_WARN_QUOTED_INCLUDE_IN_FRAMEWORK_HEADER = YES;
				CLANG_WARN_RANGE_LOOP_ANALYSIS = YES;
				CLANG_WARN_STRICT_PROTOTYPES = YES;
				CLANG_WARN_SUSPICIOUS_MOVE = YES;
				CLANG_WARN_UNGUARDED_AVAILABILITY = YES_AGGRESSIVE;
				CLANG_WARN_UNREACHABLE_CODE = YES;
				CLANG_WARN__DUPLICATE_METHOD_MATCH = YES;
				COPY_PHASE_STRIP = NO;
				DEBUG_INFORMATION_FORMAT = "dwarf-with-dsym";
				ENABLE_NS_ASSERTIONS = NO;
				ENABLE_STRICT_OBJC_MSGSEND = YES;
				GCC_C_LANGUAGE_STANDARD = gnu11;
				GCC_NO_COMMON_BLOCKS = YES;
				GCC_WARN_64_TO_32_BIT_CONVERSION = YES;
				GCC_WARN_ABOUT_RETURN_TYPE = YES_ERROR;
				GCC_WARN_UNDECLARED_SELECTOR = YES;
				GCC_WARN_UNINITIALIZED_AUTOS = YES_AGGRESSIVE;
				GCC_WARN_UNUSED_FUNCTION = YES;
				GCC_WARN_UNUSED_VARIABLE = YES;
				IPHONEOS_DEPLOYMENT_TARGET = 14.5;
				MTL_ENABLE_DEBUG_INFO = NO;
				MTL_FAST_MATH = YES;
				SDKROOT = iphoneos;
				SWIFT_COMPILATION_MODE = wholemodule;
				SWIFT_OPTIMIZATION_LEVEL = "-O";
				VALIDATE_PRODUCT = YES;
			};
			name = Release;
		};
		F3D2060426A87B3C006541F0 /* Debug */ = {
			isa = XCBuildConfiguration;
			buildSettings = {
				ASSETCATALOG_COMPILER_APPICON_NAME = AppIcon;
				ASSETCATALOG_COMPILER_GLOBAL_ACCENT_COLOR_NAME = AccentColor;
				CODE_SIGN_STYLE = Automatic;
				DEVELOPMENT_ASSET_PATHS = "\"sms-input-swiftui/Preview Content\"";
				DEVELOPMENT_TEAM = 72YYK5X257;
				ENABLE_PREVIEWS = YES;
				INFOPLIST_FILE = "sms-input-swiftui/Info.plist";
				IPHONEOS_DEPLOYMENT_TARGET = 14.0;
				LD_RUNPATH_SEARCH_PATHS = (
					"$(inherited)",
					"@executable_path/Frameworks",
				);
				PRODUCT_BUNDLE_IDENTIFIER = "me.marianamendes.sms-input-swiftui";
				PRODUCT_NAME = "$(TARGET_NAME)";
				SWIFT_VERSION = 5.0;
				TARGETED_DEVICE_FAMILY = "1,2";
			};
			name = Debug;
		};
		F3D2060526A87B3C006541F0 /* Release */ = {
			isa = XCBuildConfiguration;
			buildSettings = {
				ASSETCATALOG_COMPILER_APPICON_NAME = AppIcon;
				ASSETCATALOG_COMPILER_GLOBAL_ACCENT_COLOR_NAME = AccentColor;
				CODE_SIGN_STYLE = Automatic;
				DEVELOPMENT_ASSET_PATHS = "\"sms-input-swiftui/Preview Content\"";
				DEVELOPMENT_TEAM = 72YYK5X257;
				ENABLE_PREVIEWS = YES;
				INFOPLIST_FILE = "sms-input-swiftui/Info.plist";
				IPHONEOS_DEPLOYMENT_TARGET = 14.0;
				LD_RUNPATH_SEARCH_PATHS = (
					"$(inherited)",
					"@executable_path/Frameworks",
				);
				PRODUCT_BUNDLE_IDENTIFIER = "me.marianamendes.sms-input-swiftui";
				PRODUCT_NAME = "$(TARGET_NAME)";
				SWIFT_VERSION = 5.0;
				TARGETED_DEVICE_FAMILY = "1,2";
			};
			name = Release;
		};
/* End XCBuildConfiguration section */

/* Begin XCConfigurationList section */
		F3D205EF26A87B3B006541F0 /* Build configuration list for PBXProject "sms-input-swiftui" */ = {
			isa = XCConfigurationList;
			buildConfigurations = (
				F3D2060126A87B3C006541F0 /* Debug */,
				F3D2060226A87B3C006541F0 /* Release */,
			);
			defaultConfigurationIsVisible = 0;
			defaultConfigurationName = Release;
		};
		F3D2060326A87B3C006541F0 /* Build configuration list for PBXNativeTarget "sms-input-swiftui" */ = {
			isa = XCConfigurationList;
			buildConfigurations = (
				F3D2060426A87B3C006541F0 /* Debug */,
				F3D2060526A87B3C006541F0 /* Release */,
			);
			defaultConfigurationIsVisible = 0;
			defaultConfigurationName = Release;
		};
/* End XCConfigurationList section */
	};
	rootObject = F3D205EC26A87B3B006541F0 /* Project object */;
}
